
Microsoft Visual Studio Solution File, Format Version 12.00
# Visual Studio 14
VisualStudioVersion = 14.0.25420.1
MinimumVisualStudioVersion = 10.0.40219.1
Project("{FAE04EC0-301F-11D3-BF4B-00C04F79EFBC}") = "HiwDI.Core", "HiwDI.Core\HiwDI.Core.csproj", "{308B5BA4-90C4-447F-B085-0530700D88F8}"
EndProject
Project("{2150E333-8FDC-42A3-9474-1A3956D46DE8}") = "Test", "Test", "{31E0FD9D-7B75-40E2-AA22-5CCFB2F7FE17}"
EndProject
Project("{2150E333-8FDC-42A3-9474-1A3956D46DE8}") = "Samples", "Samples", "{A3B291D4-2910-409C-80B6-ED6FB56BD570}"
EndProject
Project("{FAE04EC0-301F-11D3-BF4B-00C04F79EFBC}") = "HiwDI.Samples.CLI", "HiwDI.Samples.CLI\HiwDI.Samples.CLI.csproj", "{8B516F2B-6630-486C-A4F5-B021448BFF0F}"
EndProject
Project("{2150E333-8FDC-42A3-9474-1A3956D46DE8}") = "Core", "Core", "{57D8A73A-2551-4A3E-BE21-F3602A96959B}"
EndProject
Project("{FAE04EC0-301F-11D3-BF4B-00C04F79EFBC}") = "HiwDI.Web.Mvc", "HiwDI.Web.Mvc\HiwDI.Web.Mvc.csproj", "{978C259E-93DF-43E9-813F-9956515901B2}"
EndProject
Project("{2150E333-8FDC-42A3-9474-1A3956D46DE8}") = "Core", "Core", "{3C4F70D9-6425-4114-84ED-285F14E6939C}"
EndProject
Project("{2150E333-8FDC-42A3-9474-1A3956D46DE8}") = "Samples", "Samples", "{5ADDF956-1565-42EC-844C-53FB388D17A4}"
EndProject
Project("{FAE04EC0-301F-11D3-BF4B-00C04F79EFBC}") = "HiwDI.Samples.Mvc", "HiwDI.Samples.Mvc\HiwDI.Samples.Mvc.csproj", "{99D6D9A9-C84D-4867-91B4-60EEE4490D8E}"
EndProject
Global
	GlobalSection(SolutionConfigurationPlatforms) = preSolution
		Debug|Any CPU = Debug|Any CPU
		Release|Any CPU = Release|Any CPU
	EndGlobalSection
	GlobalSection(ProjectConfigurationPlatforms) = postSolution
		{308B5BA4-90C4-447F-B085-0530700D88F8}.Debug|Any CPU.ActiveCfg = Debug|Any CPU
		{308B5BA4-90C4-447F-B085-0530700D88F8}.Debug|Any CPU.Build.0 = Debug|Any CPU
		{308B5BA4-90C4-447F-B085-0530700D88F8}.Release|Any CPU.ActiveCfg = Release|Any CPU
		{308B5BA4-90C4-447F-B085-0530700D88F8}.Release|Any CPU.Build.0 = Release|Any CPU
		{8B516F2B-6630-486C-A4F5-B021448BFF0F}.Debug|Any CPU.ActiveCfg = Debug|Any CPU
		{8B516F2B-6630-486C-A4F5-B021448BFF0F}.Debug|Any CPU.Build.0 = Debug|Any CPU
		{8B516F2B-6630-486C-A4F5-B021448BFF0F}.Release|Any CPU.ActiveCfg = Release|Any CPU
		{8B516F2B-6630-486C-A4F5-B021448BFF0F}.Release|Any CPU.Build.0 = Release|Any CPU
		{978C259E-93DF-43E9-813F-9956515901B2}.Debug|Any CPU.ActiveCfg = Debug|Any CPU
		{978C259E-93DF-43E9-813F-9956515901B2}.Debug|Any CPU.Build.0 = Debug|Any CPU
		{978C259E-93DF-43E9-813F-9956515901B2}.Release|Any CPU.ActiveCfg = Release|Any CPU
		{978C259E-93DF-43E9-813F-9956515901B2}.Release|Any CPU.Build.0 = Release|Any CPU
		{99D6D9A9-C84D-4867-91B4-60EEE4490D8E}.Debug|Any CPU.ActiveCfg = Debug|Any CPU
		{99D6D9A9-C84D-4867-91B4-60EEE4490D8E}.Debug|Any CPU.Build.0 = Debug|Any CPU
		{99D6D9A9-C84D-4867-91B4-60EEE4490D8E}.Release|Any CPU.ActiveCfg = Release|Any CPU
		{99D6D9A9-C84D-4867-91B4-60EEE4490D8E}.Release|Any CPU.Build.0 = Release|Any CPU
	EndGlobalSection
	GlobalSection(SolutionProperties) = preSolution
		HideSolutionNode = FALSE
	EndGlobalSection
	GlobalSection(NestedProjects) = preSolution
		{308B5BA4-90C4-447F-B085-0530700D88F8} = {57D8A73A-2551-4A3E-BE21-F3602A96959B}
		{8B516F2B-6630-486C-A4F5-B021448BFF0F} = {A3B291D4-2910-409C-80B6-ED6FB56BD570}
		{978C259E-93DF-43E9-813F-9956515901B2} = {57D8A73A-2551-4A3E-BE21-F3602A96959B}
		{3C4F70D9-6425-4114-84ED-285F14E6939C} = {31E0FD9D-7B75-40E2-AA22-5CCFB2F7FE17}
		{5ADDF956-1565-42EC-844C-53FB388D17A4} = {31E0FD9D-7B75-40E2-AA22-5CCFB2F7FE17}
		{99D6D9A9-C84D-4867-91B4-60EEE4490D8E} = {A3B291D4-2910-409C-80B6-ED6FB56BD570}
	EndGlobalSection
EndGlobal
